
Microsoft Visual Studio Solution File, Format Version 12.00
# Visual Studio Version 17
VisualStudioVersion = 17.0.31903.59
MinimumVisualStudioVersion = 10.0.40219.1
Project("{FAE04EC0-301F-11D3-BF4B-00C04F79EFBC}") = "TaskCache", "TaskCache\TaskCache.csproj", "{C883DB24-3607-4EC0-806C-97F645FC6646}"
EndProject
Global
	GlobalSection(SolutionConfigurationPlatforms) = preSolution
		Debug|Any CPU = Debug|Any CPU
		Release|Any CPU = Release|Any CPU
	EndGlobalSection
	GlobalSection(ProjectConfigurationPlatforms) = postSolution
		{C883DB24-3607-4EC0-806C-97F645FC6646}.Debug|Any CPU.ActiveCfg = Debug|Any CPU
		{C883DB24-3607-4EC0-806C-97F645FC6646}.Debug|Any CPU.Build.0 = Debug|Any CPU
		{C883DB24-3607-4EC0-806C-97F645FC6646}.Release|Any CPU.ActiveCfg = Release|Any CPU
		{C883DB24-3607-4EC0-806C-97F645FC6646}.Release|Any CPU.Build.0 = Release|Any CPU
	EndGlobalSection
	GlobalSection(SolutionProperties) = preSolution
		HideSolutionNode = FALSE
	EndGlobalSection
	GlobalSection(ExtensibilityGlobals) = postSolution
		SolutionGuid = {94A74337-9242-4275-90FB-631705B7EC75}
	EndGlobalSection
EndGlobal
